{
  "version": "4",
  "specifiers": {
    "jsr:@david/code-block-writer@^13.0.2": "13.0.2",
    "jsr:@deno/cache-dir@~0.10.3": "0.10.3",
    "jsr:@deno/dnt@*": "0.41.3",
    "jsr:@std/assert@0.223": "0.223.0",
    "jsr:@std/assert@0.226": "0.226.0",
    "jsr:@std/bytes@0.223": "0.223.0",
    "jsr:@std/fmt@0.223": "0.223.0",
    "jsr:@std/fmt@1": "1.0.0",
    "jsr:@std/fs@0.223": "0.223.0",
    "jsr:@std/fs@1": "1.0.1",
    "jsr:@std/fs@~0.229.3": "0.229.3",
    "jsr:@std/io@0.223": "0.223.0",
    "jsr:@std/path@0.223": "0.223.0",
    "jsr:@std/path@1": "1.0.2",
    "jsr:@std/path@1.0.0-rc.1": "1.0.0-rc.1",
    "jsr:@std/path@^1.0.2": "1.0.2",
    "jsr:@std/path@~0.225.2": "0.225.2",
    "jsr:@ts-morph/bootstrap@0.24": "0.24.0",
    "jsr:@ts-morph/common@0.24": "0.24.0",
    "npm:globby@^14.0.2": "14.0.2",
    "npm:rimraf@^6.0.1": "6.0.1",
    "npm:urlpattern-polyfill@10": "10.0.0",
    "npm:urlpattern-polyfill@10.0.0": "10.0.0"
  },
  "jsr": {
    "@david/code-block-writer@13.0.2": {
      "integrity": "14dd3baaafa3a2dea8bf7dfbcddeccaa13e583da2d21d666c01dc6d681cd74ad"
    },
    "@deno/cache-dir@0.10.3": {
      "integrity": "eb022f84ecc49c91d9d98131c6e6b118ff63a29e343624d058646b9d50404776",
      "dependencies": [
        "jsr:@std/fmt@0.223",
        "jsr:@std/fs@0.223",
        "jsr:@std/io",
        "jsr:@std/path@0.223"
      ]
    },
    "@deno/dnt@0.41.3": {
      "integrity": "b2ef2c8a5111eef86cb5bfcae103d6a2938e8e649e2461634a7befb7fc59d6d2",
      "dependencies": [
        "jsr:@david/code-block-writer",
        "jsr:@deno/cache-dir",
        "jsr:@std/fmt@1",
        "jsr:@std/fs@1",
        "jsr:@std/path@1",
        "jsr:@ts-morph/bootstrap"
      ]
    },
    "@std/assert@0.223.0": {
      "integrity": "eb8d6d879d76e1cc431205bd346ed4d88dc051c6366365b1af47034b0670be24"
    },
    "@std/assert@0.226.0": {
      "integrity": "0dfb5f7c7723c18cec118e080fec76ce15b4c31154b15ad2bd74822603ef75b3"
    },
    "@std/bytes@0.223.0": {
      "integrity": "84b75052cd8680942c397c2631318772b295019098f40aac5c36cead4cba51a8"
    },
    "@std/fmt@0.223.0": {
      "integrity": "6deb37794127dfc7d7bded2586b9fc6f5d50e62a8134846608baf71ffc1a5208"
    },
    "@std/fmt@1.0.0": {
      "integrity": "8a95c9fdbb61559418ccbc0f536080cf43341655e1444f9d375a66886ceaaa3d"
    },
    "@std/fs@0.223.0": {
      "integrity": "3b4b0550b2c524cbaaa5a9170c90e96cbb7354e837ad1bdaf15fc9df1ae9c31c"
    },
    "@std/fs@0.229.3": {
      "integrity": "783bca21f24da92e04c3893c9e79653227ab016c48e96b3078377ebd5222e6eb",
      "dependencies": [
        "jsr:@std/path@1.0.0-rc.1"
      ]
    },
    "@std/fs@1.0.1": {
      "integrity": "d6914ca2c21abe591f733b31dbe6331e446815e513e2451b3b9e472daddfefcb",
      "dependencies": [
        "jsr:@std/path@^1.0.2"
      ]
    },
    "@std/io@0.223.0": {
      "integrity": "2d8c3c2ab3a515619b90da2c6ff5ea7b75a94383259ef4d02116b228393f84f1",
      "dependencies": [
        "jsr:@std/assert@0.223",
        "jsr:@std/bytes"
      ]
    },
    "@std/path@0.223.0": {
      "integrity": "593963402d7e6597f5a6e620931661053572c982fc014000459edc1f93cc3989",
      "dependencies": [
        "jsr:@std/assert@0.223"
      ]
    },
    "@std/path@0.225.2": {
      "integrity": "0f2db41d36b50ef048dcb0399aac720a5348638dd3cb5bf80685bf2a745aa506",
      "dependencies": [
        "jsr:@std/assert@0.226"
      ]
    },
    "@std/path@1.0.0-rc.1": {
      "integrity": "b8c00ae2f19106a6bb7cbf1ab9be52aa70de1605daeb2dbdc4f87a7cbaf10ff6"
    },
    "@std/path@1.0.2": {
      "integrity": "a452174603f8c620bd278a380c596437a9eef50c891c64b85812f735245d9ec7"
    },
    "@ts-morph/bootstrap@0.24.0": {
      "integrity": "a826a2ef7fa8a7c3f1042df2c034d20744d94da2ee32bf29275bcd4dffd3c060",
      "dependencies": [
        "jsr:@ts-morph/common"
      ]
    },
    "@ts-morph/common@0.24.0": {
      "integrity": "12b625b8e562446ba658cdbe9ad77774b4bd96b992ae8bd34c60dbf24d06c1f3",
      "dependencies": [
        "jsr:@std/fs@~0.229.3",
        "jsr:@std/path@~0.225.2"
      ]
    }
  },
  "npm": {
    "@isaacs/cliui@8.0.2": {
      "integrity": "sha512-O8jcjabXaleOG9DQ0+ARXWZBTfnP4WNAqzuiJK7ll44AmxGKv/J2M4TPjxjY3znBCfvBXFzucm1twdyFybFqEA==",
      "dependencies": [
        "string-width@5.1.2",
        "string-width-cjs@npm:string-width@4.2.3",
        "strip-ansi@7.1.0",
        "strip-ansi-cjs@npm:strip-ansi@6.0.1",
        "wrap-ansi@8.1.0",
        "wrap-ansi-cjs@npm:wrap-ansi@7.0.0"
      ]
    },
    "@nodelib/fs.scandir@2.1.5": {
      "integrity": "sha512-vq24Bq3ym5HEQm2NKCr3yXDwjc7vTsEThRDnkp2DK9p1uqLR+DHurm/NOTo0KG7HYHU7eppKZj3MyqYuMBf62g==",
      "dependencies": [
        "@nodelib/fs.stat",
        "run-parallel"
      ]
    },
    "@nodelib/fs.stat@2.0.5": {
      "integrity": "sha512-RkhPPp2zrqDAQA/2jNhnztcPAlv64XdhIp7a7454A5ovI7Bukxgt7MX7udwAu3zg1DcpPU0rz3VV1SeaqvY4+A=="
    },
    "@nodelib/fs.walk@1.2.8": {
      "integrity": "sha512-oGB+UxlgWcgQkgwo8GcEGwemoTFt3FIO9ababBmaGwXIoBKZ+GTy0pP185beGg7Llih/NSHSV2XAs1lnznocSg==",
      "dependencies": [
        "@nodelib/fs.scandir",
        "fastq"
      ]
    },
    "@pkgjs/parseargs@0.11.0": {
      "integrity": "sha512-+1VkjdD0QBLPodGrJUeqarH8VAIvQODIbwh9XpP5Syisf7YoQgsJKPNFoqqLQlu+VQ/tVSshMR6loPMn8U+dPg=="
    },
    "@sindresorhus/merge-streams@2.3.0": {
      "integrity": "sha512-LtoMMhxAlorcGhmFYI+LhPgbPZCkgP6ra1YL604EeF6U98pLlQ3iWIGMdWSC+vWmPBWBNgmDBAhnAobLROJmwg=="
    },
    "ansi-regex@5.0.1": {
      "integrity": "sha512-quJQXlTSUGL2LH9SUXo8VwsY4soanhgo6LNSm84E1LBcE8s3O0wpdiRzyR9z/ZZJMlMWv37qOOb9pdJlMUEKFQ=="
    },
    "ansi-regex@6.0.1": {
      "integrity": "sha512-n5M855fKb2SsfMIiFFoVrABHJC8QtHwVx+mHWP3QcEqBHYienj5dHSgjbxtC0WEZXYt4wcD6zrQElDPhFuZgfA=="
    },
    "ansi-styles@4.3.0": {
      "integrity": "sha512-zbB9rCJAT1rbjiVDb2hqKFHNYLxgtk8NURxZ3IZwD3F6NtxbXZQCnnSi1Lkx+IDohdPlFp222wVALIheZJQSEg==",
      "dependencies": [
        "color-convert"
      ]
    },
    "ansi-styles@6.2.1": {
      "integrity": "sha512-bN798gFfQX+viw3R7yrGWRqnrN2oRkEkUjjl4JNn4E8GxxbjtG3FbrEIIY3l8/hrwUwIeCZvi4QuOTP4MErVug=="
    },
    "balanced-match@1.0.2": {
      "integrity": "sha512-3oSeUO0TMV67hN1AmbXsK4yaqU7tjiHlbxRDZOpH0KW9+CeX4bRAaX0Anxt0tx2MrpRpWwQaPwIlISEJhYU5Pw=="
    },
    "brace-expansion@2.0.1": {
      "integrity": "sha512-XnAIvQ8eM+kC6aULx6wuQiwVsnzsi9d3WxzV3FpWTGA19F621kwdbsAcFKXgKUHZWsy+mY6iL1sHTxWEFCytDA==",
      "dependencies": [
        "balanced-match"
      ]
    },
    "braces@3.0.3": {
      "integrity": "sha512-yQbXgO/OSZVD2IsiLlro+7Hf6Q18EJrKSEsdoMzKePKXct3gvD8oLcOQdIzGupr5Fj+EDe8gO/lxc1BzfMpxvA==",
      "dependencies": [
        "fill-range"
      ]
    },
    "color-convert@2.0.1": {
      "integrity": "sha512-RRECPsj7iu/xb5oKYcsFHSppFNnsj/52OVTRKb4zP5onXwVF3zVmmToNcOfGC+CRDpfK/U584fMg38ZHCaElKQ==",
      "dependencies": [
        "color-name"
      ]
    },
    "color-name@1.1.4": {
      "integrity": "sha512-dOy+3AuW3a2wNbZHIuMZpTcgjGuLU/uBL/ubcZF9OXbDo8ff4O8yVp5Bf0efS8uEoYo5q4Fx7dY9OgQGXgAsQA=="
    },
    "cross-spawn@7.0.3": {
      "integrity": "sha512-iRDPJKUPVEND7dHPO8rkbOnPpyDygcDFtWjpeWNCgy8WP2rXcxXL8TskReQl6OrB2G7+UJrags1q15Fudc7G6w==",
      "dependencies": [
        "path-key",
        "shebang-command",
        "which"
      ]
    },
    "eastasianwidth@0.2.0": {
      "integrity": "sha512-I88TYZWc9XiYHRQ4/3c5rjjfgkjhLyW2luGIheGERbNQ6OY7yTybanSpDXZa8y7VUP9YmDcYa+eyq4ca7iLqWA=="
    },
    "emoji-regex@8.0.0": {
      "integrity": "sha512-MSjYzcWNOA0ewAHpz0MxpYFvwg6yjy1NG3xteoqz644VCo/RPgnr1/GGt+ic3iJTzQ8Eu3TdM14SawnVUmGE6A=="
    },
    "emoji-regex@9.2.2": {
      "integrity": "sha512-L18DaJsXSUk2+42pv8mLs5jJT2hqFkFE4j21wOmgbUqsZ2hL72NsUU785g9RXgo3s0ZNgVl42TiHp3ZtOv/Vyg=="
    },
    "fast-glob@3.3.2": {
      "integrity": "sha512-oX2ruAFQwf/Orj8m737Y5adxDQO0LAB7/S5MnxCdTNDd4p6BsyIVsv9JQsATbTSq8KHRpLwIHbVlUNatxd+1Ow==",
      "dependencies": [
        "@nodelib/fs.stat",
        "@nodelib/fs.walk",
        "glob-parent",
        "merge2",
        "micromatch"
      ]
    },
    "fastq@1.17.1": {
      "integrity": "sha512-sRVD3lWVIXWg6By68ZN7vho9a1pQcN/WBFaAAsDDFzlJjvoGx0P8z7V1t72grFJfJhu3YPZBuu25f7Kaw2jN1w==",
      "dependencies": [
        "reusify"
      ]
    },
    "fill-range@7.1.1": {
      "integrity": "sha512-YsGpe3WHLK8ZYi4tWDg2Jy3ebRz2rXowDxnld4bkQB00cc/1Zw9AWnC0i9ztDJitivtQvaI9KaLyKrc+hBW0yg==",
      "dependencies": [
        "to-regex-range"
      ]
    },
    "foreground-child@3.3.0": {
      "integrity": "sha512-Ld2g8rrAyMYFXBhEqMz8ZAHBi4J4uS1i/CxGMDnjyFWddMXLVcDp051DZfu+t7+ab7Wv6SMqpWmyFIj5UbfFvg==",
      "dependencies": [
        "cross-spawn",
        "signal-exit"
      ]
    },
    "glob-parent@5.1.2": {
      "integrity": "sha512-AOIgSQCepiJYwP3ARnGx+5VnTu2HBYdzbGP45eLw1vr3zB3vZLeyed1sC9hnbcOc9/SrMyM5RPQrkGz4aS9Zow==",
      "dependencies": [
        "is-glob"
      ]
    },
    "glob@11.0.0": {
      "integrity": "sha512-9UiX/Bl6J2yaBbxKoEBRm4Cipxgok8kQYcOPEhScPwebu2I0HoQOuYdIO6S3hLuWoZgpDpwQZMzTFxgpkyT76g==",
      "dependencies": [
        "foreground-child",
        "jackspeak",
        "minimatch",
        "minipass",
        "package-json-from-dist",
        "path-scurry"
      ]
    },
    "globby@14.0.2": {
      "integrity": "sha512-s3Fq41ZVh7vbbe2PN3nrW7yC7U7MFVc5c98/iTl9c2GawNMKx/J648KQRW6WKkuU8GIbbh2IXfIRQjOZnXcTnw==",
      "dependencies": [
        "@sindresorhus/merge-streams",
        "fast-glob",
        "ignore",
        "path-type",
        "slash",
        "unicorn-magic"
      ]
    },
    "ignore@5.3.2": {
      "integrity": "sha512-hsBTNUqQTDwkWtcdYI2i06Y/nUBEsNEDJKjWdigLvegy8kDuJAS8uRlpkkcQpyEXL0Z/pjDy5HBmMjRCJ2gq+g=="
    },
    "is-extglob@2.1.1": {
      "integrity": "sha512-SbKbANkN603Vi4jEZv49LeVJMn4yGwsbzZworEoyEiutsN3nJYdbO36zfhGJ6QEDpOZIFkDtnq5JRxmvl3jsoQ=="
    },
    "is-fullwidth-code-point@3.0.0": {
      "integrity": "sha512-zymm5+u+sCsSWyD9qNaejV3DFvhCKclKdizYaJUuHA83RLjb7nSuGnddCHGv0hk+KY7BMAlsWeK4Ueg6EV6XQg=="
    },
    "is-glob@4.0.3": {
      "integrity": "sha512-xelSayHH36ZgE7ZWhli7pW34hNbNl8Ojv5KVmkJD4hBdD3th8Tfk9vYasLM+mXWOZhFkgZfxhLSnrwRr4elSSg==",
      "dependencies": [
        "is-extglob"
      ]
    },
    "is-number@7.0.0": {
      "integrity": "sha512-41Cifkg6e8TylSpdtTpeLVMqvSBEVzTttHvERD741+pnZ8ANv0004MRL43QKPDlK9cGvNp6NZWZUBlbGXYxxng=="
    },
    "isexe@2.0.0": {
      "integrity": "sha512-RHxMLp9lnKHGHRng9QFhRCMbYAcVpn69smSGcq3f36xjgVVWThj4qqLbTLlq7Ssj8B+fIQ1EuCEGI2lKsyQeIw=="
    },
    "jackspeak@4.0.1": {
      "integrity": "sha512-cub8rahkh0Q/bw1+GxP7aeSe29hHHn2V4m29nnDlvCdlgU+3UGxkZp7Z53jLUdpX3jdTO0nJZUDl3xvbWc2Xog==",
      "dependencies": [
        "@isaacs/cliui",
        "@pkgjs/parseargs"
      ]
    },
    "lru-cache@11.0.0": {
      "integrity": "sha512-Qv32eSV1RSCfhY3fpPE2GNZ8jgM9X7rdAfemLWqTUxwiyIC4jJ6Sy0fZ8H+oLWevO6i4/bizg7c8d8i6bxrzbA=="
    },
    "merge2@1.4.1": {
      "integrity": "sha512-8q7VEgMJW4J8tcfVPy8g09NcQwZdbwFEqhe/WZkoIzjn/3TGDwtOCYtXGxA3O8tPzpczCCDgv+P2P5y00ZJOOg=="
    },
    "micromatch@4.0.7": {
      "integrity": "sha512-LPP/3KorzCwBxfeUuZmaR6bG2kdeHSbe0P2tY3FLRU4vYrjYz5hI4QZwV0njUx3jeuKe67YukQ1LSPZBKDqO/Q==",
      "dependencies": [
        "braces",
        "picomatch"
      ]
    },
    "minimatch@10.0.1": {
      "integrity": "sha512-ethXTt3SGGR+95gudmqJ1eNhRO7eGEGIgYA9vnPatK4/etz2MEVDno5GMCibdMTuBMyElzIlgxMna3K94XDIDQ==",
      "dependencies": [
        "brace-expansion"
      ]
    },
    "minipass@7.1.2": {
      "integrity": "sha512-qOOzS1cBTWYF4BH8fVePDBOO9iptMnGUEZwNc/cMWnTV2nVLZ7VoNWEPHkYczZA0pdoA7dl6e7FL659nX9S2aw=="
    },
    "package-json-from-dist@1.0.0": {
      "integrity": "sha512-dATvCeZN/8wQsGywez1mzHtTlP22H8OEfPrVMLNr4/eGa+ijtLn/6M5f0dY8UKNrC2O9UCU6SSoG3qRKnt7STw=="
    },
    "path-key@3.1.1": {
      "integrity": "sha512-ojmeN0qd+y0jszEtoY48r0Peq5dwMEkIlCOu6Q5f41lfkswXuKtYrhgoTpLnyIcHm24Uhqx+5Tqm2InSwLhE6Q=="
    },
    "path-scurry@2.0.0": {
      "integrity": "sha512-ypGJsmGtdXUOeM5u93TyeIEfEhM6s+ljAhrk5vAvSx8uyY/02OvrZnA0YNGUrPXfpJMgI1ODd3nwz8Npx4O4cg==",
      "dependencies": [
        "lru-cache",
        "minipass"
      ]
    },
    "path-type@5.0.0": {
      "integrity": "sha512-5HviZNaZcfqP95rwpv+1HDgUamezbqdSYTyzjTvwtJSnIH+3vnbmWsItli8OFEndS984VT55M3jduxZbX351gg=="
    },
    "picomatch@2.3.1": {
      "integrity": "sha512-JU3teHTNjmE2VCGFzuY8EXzCDVwEqB2a8fsIvwaStHhAWJEeVd1o1QD80CU6+ZdEXXSLbSsuLwJjkCBWqRQUVA=="
    },
    "queue-microtask@1.2.3": {
      "integrity": "sha512-NuaNSa6flKT5JaSYQzJok04JzTL1CA6aGhv5rfLW3PgqA+M2ChpZQnAC8h8i4ZFkBS8X5RqkDBHA7r4hej3K9A=="
    },
    "reusify@1.0.4": {
      "integrity": "sha512-U9nH88a3fc/ekCF1l0/UP1IosiuIjyTh7hBvXVMHYgVcfGvt897Xguj2UOLDeI5BG2m7/uwyaLVT6fbtCwTyzw=="
    },
    "rimraf@6.0.1": {
      "integrity": "sha512-9dkvaxAsk/xNXSJzMgFqqMCuFgt2+KsOFek3TMLfo8NCPfWpBmqwyNn5Y+NX56QUYfCtsyhF3ayiboEoUmJk/A==",
      "dependencies": [
        "glob",
        "package-json-from-dist"
      ]
    },
    "run-parallel@1.2.0": {
      "integrity": "sha512-5l4VyZR86LZ/lDxZTR6jqL8AFE2S0IFLMP26AbjsLVADxHdhB/c0GUsH+y39UfCi3dzz8OlQuPmnaJOMoDHQBA==",
      "dependencies": [
        "queue-microtask"
      ]
    },
    "shebang-command@2.0.0": {
      "integrity": "sha512-kHxr2zZpYtdmrN1qDjrrX/Z1rR1kG8Dx+gkpK1G4eXmvXswmcE1hTWBWYUzlraYw1/yZp6YuDY77YtvbN0dmDA==",
      "dependencies": [
        "shebang-regex"
      ]
    },
    "shebang-regex@3.0.0": {
      "integrity": "sha512-7++dFhtcx3353uBaq8DDR4NuxBetBzC7ZQOhmTQInHEd6bSrXdiEyzCvG07Z44UYdLShWUyXt5M/yhz8ekcb1A=="
    },
    "signal-exit@4.1.0": {
      "integrity": "sha512-bzyZ1e88w9O1iNJbKnOlvYTrWPDl46O1bG0D3XInv+9tkPrxrN8jUUTiFlDkkmKWgn1M6CfIA13SuGqOa9Korw=="
    },
    "slash@5.1.0": {
      "integrity": "sha512-ZA6oR3T/pEyuqwMgAKT0/hAv8oAXckzbkmR0UkUosQ+Mc4RxGoJkRmwHgHufaenlyAgE1Mxgpdcrf75y6XcnDg=="
    },
    "string-width@4.2.3": {
      "integrity": "sha512-wKyQRQpjJ0sIp62ErSZdGsjMJWsap5oRNihHhu6G7JVO/9jIB6UyevL+tXuOqrng8j/cxKTWyWUwvSTriiZz/g==",
      "dependencies": [
        "emoji-regex@8.0.0",
        "is-fullwidth-code-point",
        "strip-ansi@6.0.1"
      ]
    },
    "string-width@5.1.2": {
      "integrity": "sha512-HnLOCR3vjcY8beoNLtcjZ5/nxn2afmME6lhrDrebokqMap+XbeW8n9TXpPDOqdGK5qcI3oT0GKTW6wC7EMiVqA==",
      "dependencies": [
        "eastasianwidth",
        "emoji-regex@9.2.2",
        "strip-ansi@7.1.0"
      ]
    },
    "strip-ansi@6.0.1": {
      "integrity": "sha512-Y38VPSHcqkFrCpFnQ9vuSXmquuv5oXOKpGeT6aGrr3o3Gc9AlVa6JBfUSOCnbxGGZF+/0ooI7KrPuUSztUdU5A==",
      "dependencies": [
        "ansi-regex@5.0.1"
      ]
    },
    "strip-ansi@7.1.0": {
      "integrity": "sha512-iq6eVVI64nQQTRYq2KtEg2d2uU7LElhTJwsH4YzIHZshxlgZms/wIc4VoDQTlG/IvVIrBKG06CrZnp0qv7hkcQ==",
      "dependencies": [
        "ansi-regex@6.0.1"
      ]
    },
    "to-regex-range@5.0.1": {
      "integrity": "sha512-65P7iz6X5yEr1cwcgvQxbbIw7Uk3gOy5dIdtZ4rDveLqhrdJP+Li/Hx6tyK0NEb+2GCyneCMJiGqrADCSNk8sQ==",
      "dependencies": [
        "is-number"
      ]
    },
    "unicorn-magic@0.1.0": {
      "integrity": "sha512-lRfVq8fE8gz6QMBuDM6a+LO3IAzTi05H6gCVaUpir2E1Rwpo4ZUog45KpNXKC/Mn3Yb9UDuHumeFTo9iV/D9FQ=="
    },
    "urlpattern-polyfill@10.0.0": {
      "integrity": "sha512-H/A06tKD7sS1O1X2SshBVeA5FLycRpjqiBeqGKmBwBDBy28EnRjORxTNe269KSSr5un5qyWi1iL61wLxpd+ZOg=="
    },
    "which@2.0.2": {
      "integrity": "sha512-BLI3Tl1TW3Pvl70l3yq3Y64i+awpwXqsGBYWkkqMtnbXgrMD+yj7rhW0kuEDxzJaYXGjEW5ogapKNMEKNMjibA==",
      "dependencies": [
        "isexe"
      ]
    },
    "wrap-ansi@7.0.0": {
      "integrity": "sha512-YVGIj2kamLSTxw6NsZjoBxfSwsn0ycdesmc4p+Q21c5zPuZ1pl+NfxVdxPtdHvmNVOQ6XSYG4AUtyt/Fi7D16Q==",
      "dependencies": [
        "ansi-styles@4.3.0",
        "string-width@4.2.3",
        "strip-ansi@6.0.1"
      ]
    },
    "wrap-ansi@8.1.0": {
      "integrity": "sha512-si7QWI6zUMq56bESFvagtmzMdGOtoxfR+Sez11Mobfc7tm+VkUckk9bW2UeffTGVUbOksxmSw0AA2gs8g71NCQ==",
      "dependencies": [
        "ansi-styles@6.2.1",
        "string-width@5.1.2",
        "strip-ansi@7.1.0"
      ]
    }
  },
  "workspace": {
    "packageJson": {
      "dependencies": [
        "npm:@biomejs/biome@^1.9.4",
        "npm:@changesets/cli@^2.27.11",
        "npm:@types/bun@^1.1.18",
        "npm:@types/node@^22.10.7",
        "npm:denoify@^1.6.16",
        "npm:esbuild@~0.24.2",
        "npm:gitmoji-cli@^9.5.0",
        "npm:globby@^14.0.2",
        "npm:husky@^9.1.7",
        "npm:knip@^5.42.3",
        "npm:pkg-pr-new@^0.0.39",
        "npm:rimraf@^6.0.1",
        "npm:tslib@^2.8.1",
        "npm:typescript@^5.7.3",
        "npm:urlpattern-polyfill@10"
      ]
    }
  }
}
